
Microsoft Visual Studio Solution File, Format Version 12.00
# Visual Studio Version 17
VisualStudioVersion = 17.14.36518.9 d17.14
MinimumVisualStudioVersion = 10.0.40219.1
Project("{FAE04EC0-301F-11D3-BF4B-00C04F79EFBC}") = "UniversityAPI", "UniversityAPI\UniversityAPI.csproj", "{F89074CF-0BB2-42CC-BD90-F99C98FD5619}"
EndProject
Global
	GlobalSection(SolutionConfigurationPlatforms) = preSolution
		Debug|Any CPU = Debug|Any CPU
		Release|Any CPU = Release|Any CPU
	EndGlobalSection
	GlobalSection(ProjectConfigurationPlatforms) = postSolution
		{F89074CF-0BB2-42CC-BD90-F99C98FD5619}.Debug|Any CPU.ActiveCfg = Debug|Any CPU
		{F89074CF-0BB2-42CC-BD90-F99C98FD5619}.Debug|Any CPU.Build.0 = Debug|Any CPU
		{F89074CF-0BB2-42CC-BD90-F99C98FD5619}.Release|Any CPU.ActiveCfg = Release|Any CPU
		{F89074CF-0BB2-42CC-BD90-F99C98FD5619}.Release|Any CPU.Build.0 = Release|Any CPU
	EndGlobalSection
	GlobalSection(SolutionProperties) = preSolution
		HideSolutionNode = FALSE
	EndGlobalSection
	GlobalSection(ExtensibilityGlobals) = postSolution
		SolutionGuid = {B63C98C9-5FD3-41FF-89ED-01C35A9312CD}
	EndGlobalSection
EndGlobal
